// !$*UTF8*$!
{
	archiveVersion = 1;
	classes = {
	};
	objectVersion = 50;
	objects = {

/* Begin PBXBuildFile section */
		8604122823EE21F50023A61D /* AppDelegate.swift in Sources */ = {isa = PBXBuildFile; fileRef = 8604122723EE21F50023A61D /* AppDelegate.swift */; };
		8604122A23EE21F50023A61D /* SceneDelegate.swift in Sources */ = {isa = PBXBuildFile; fileRef = 8604122923EE21F50023A61D /* SceneDelegate.swift */; };
		8604122F23EE21F50023A61D /* Main.storyboard in Resources */ = {isa = PBXBuildFile; fileRef = 8604122D23EE21F50023A61D /* Main.storyboard */; };
		8604123123EE21F80023A61D /* Assets.xcassets in Resources */ = {isa = PBXBuildFile; fileRef = 8604123023EE21F80023A61D /* Assets.xcassets */; };
		8604123423EE21F80023A61D /* LaunchScreen.storyboard in Resources */ = {isa = PBXBuildFile; fileRef = 8604123223EE21F80023A61D /* LaunchScreen.storyboard */; };
		8604123F23EE26B00023A61D /* BMIVC.swift in Sources */ = {isa = PBXBuildFile; fileRef = 8604123E23EE26B00023A61D /* BMIVC.swift */; };
		8604124223EE2DAE0023A61D /* UIButtonX.swift in Sources */ = {isa = PBXBuildFile; fileRef = 8604124123EE2DAE0023A61D /* UIButtonX.swift */; };
		8604124423EE310E0023A61D /* ResultVC.swift in Sources */ = {isa = PBXBuildFile; fileRef = 8604124323EE310E0023A61D /* ResultVC.swift */; };
		8604124623EE37A70023A61D /* BMICalculator.swift in Sources */ = {isa = PBXBuildFile; fileRef = 8604124523EE37A70023A61D /* BMICalculator.swift */; };
		8604124823EE37FD0023A61D /* BMI.swift in Sources */ = {isa = PBXBuildFile; fileRef = 8604124723EE37FD0023A61D /* BMI.swift */; };
/* End PBXBuildFile section */

/* Begin PBXFileReference section */
		8604122423EE21F50023A61D /* BMI-Calculator.app */ = {isa = PBXFileReference; explicitFileType = wrapper.application; includeInIndex = 0; path = "BMI-Calculator.app"; sourceTree = BUILT_PRODUCTS_DIR; };
		8604122723EE21F50023A61D /* AppDelegate.swift */ = {isa = PBXFileReference; lastKnownFileType = sourcecode.swift; path = AppDelegate.swift; sourceTree = "<group>"; };
		8604122923EE21F50023A61D /* SceneDelegate.swift */ = {isa = PBXFileReference; lastKnownFileType = sourcecode.swift; path = SceneDelegate.swift; sourceTree = "<group>"; };
		8604122E23EE21F50023A61D /* Base */ = {isa = PBXFileReference; lastKnownFileType = file.storyboard; name = Base; path = Base.lproj/Main.storyboard; sourceTree = "<group>"; };
		8604123023EE21F80023A61D /* Assets.xcassets */ = {isa = PBXFileReference; lastKnownFileType = folder.assetcatalog; path = Assets.xcassets; sourceTree = "<group>"; };
		8604123323EE21F80023A61D /* Base */ = {isa = PBXFileReference; lastKnownFileType = file.storyboard; name = Base; path = Base.lproj/LaunchScreen.storyboard; sourceTree = "<group>"; };
		8604123523EE21F80023A61D /* Info.plist */ = {isa = PBXFileReference; lastKnownFileType = text.plist.xml; path = Info.plist; sourceTree = "<group>"; };
		8604123E23EE26B00023A61D /* BMIVC.swift */ = {isa = PBXFileReference; lastKnownFileType = sourcecode.swift; path = BMIVC.swift; sourceTree = "<group>"; };
		8604124123EE2DAE0023A61D /* UIButtonX.swift */ = {isa = PBXFileReference; fileEncoding = 4; lastKnownFileType = sourcecode.swift; path = UIButtonX.swift; sourceTree = "<group>"; };
		8604124323EE310E0023A61D /* ResultVC.swift */ = {isa = PBXFileReference; lastKnownFileType = sourcecode.swift; path = ResultVC.swift; sourceTree = "<group>"; };
		8604124523EE37A70023A61D /* BMICalculator.swift */ = {isa = PBXFileReference; lastKnownFileType = sourcecode.swift; path = BMICalculator.swift; sourceTree = "<group>"; };
		8604124723EE37FD0023A61D /* BMI.swift */ = {isa = PBXFileReference; lastKnownFileType = sourcecode.swift; path = BMI.swift; sourceTree = "<group>"; };
/* End PBXFileReference section */

/* Begin PBXFrameworksBuildPhase section */
		8604122123EE21F50023A61D /* Frameworks */ = {
			isa = PBXFrameworksBuildPhase;
			buildActionMask = 2147483647;
			files = (
			);
			runOnlyForDeploymentPostprocessing = 0;
		};
/* End PBXFrameworksBuildPhase section */

/* Begin PBXGroup section */
		8604121B23EE21F50023A61D = {
			isa = PBXGroup;
			children = (
				8604122623EE21F50023A61D /* BMI-Calculator */,
				8604122523EE21F50023A61D /* Products */,
			);
			sourceTree = "<group>";
		};
		8604122523EE21F50023A61D /* Products */ = {
			isa = PBXGroup;
			children = (
				8604122423EE21F50023A61D /* BMI-Calculator.app */,
			);
			name = Products;
			sourceTree = "<group>";
		};
		8604122623EE21F50023A61D /* BMI-Calculator */ = {
			isa = PBXGroup;
			children = (
				8604124023EE2D5C0023A61D /* Designable */,
				8604122723EE21F50023A61D /* AppDelegate.swift */,
				8604122923EE21F50023A61D /* SceneDelegate.swift */,
				8604123D23EE267C0023A61D /* Model */,
				8604123C23EE26720023A61D /* View */,
				8604123B23EE26690023A61D /* Controller */,
				8604123023EE21F80023A61D /* Assets.xcassets */,
				8604123223EE21F80023A61D /* LaunchScreen.storyboard */,
				8604123523EE21F80023A61D /* Info.plist */,
			);
			path = "BMI-Calculator";
			sourceTree = "<group>";
		};
		8604123B23EE26690023A61D /* Controller */ = {
			isa = PBXGroup;
			children = (
				8604123E23EE26B00023A61D /* BMIVC.swift */,
				8604124323EE310E0023A61D /* ResultVC.swift */,
			);
			path = Controller;
			sourceTree = "<group>";
		};
		8604123C23EE26720023A61D /* View */ = {
			isa = PBXGroup;
			children = (
				8604122D23EE21F50023A61D /* Main.storyboard */,
			);
			path = View;
			sourceTree = "<group>";
		};
		8604123D23EE267C0023A61D /* Model */ = {
			isa = PBXGroup;
			children = (
				8604124523EE37A70023A61D /* BMICalculator.swift */,
				8604124723EE37FD0023A61D /* BMI.swift */,
			);
			path = Model;
			sourceTree = "<group>";
		};
		8604124023EE2D5C0023A61D /* Designable */ = {
			isa = PBXGroup;
			children = (
				8604124123EE2DAE0023A61D /* UIButtonX.swift */,
			);
			path = Designable;
			sourceTree = "<group>";
		};
/* End PBXGroup section */

/* Begin PBXNativeTarget section */
		8604122323EE21F50023A61D /* BMI-Calculator */ = {
			isa = PBXNativeTarget;
			buildConfigurationList = 8604123823EE21F80023A61D /* Build configuration list for PBXNativeTarget "BMI-Calculator" */;
			buildPhases = (
				8604122023EE21F50023A61D /* Sources */,
				8604122123EE21F50023A61D /* Frameworks */,
				8604122223EE21F50023A61D /* Resources */,
			);
			buildRules = (
			);
			dependencies = (
			);
			name = "BMI-Calculator";
			productName = "BMI-Calculator";
			productReference = 8604122423EE21F50023A61D /* BMI-Calculator.app */;
			productType = "com.apple.product-type.application";
		};
/* End PBXNativeTarget section */

/* Begin PBXProject section */
		8604121C23EE21F50023A61D /* Project object */ = {
			isa = PBXProject;
			attributes = {
				LastSwiftUpdateCheck = 1110;
				LastUpgradeCheck = 1110;
				ORGANIZATIONNAME = "Khaled Meme";
				TargetAttributes = {
					8604122323EE21F50023A61D = {
						CreatedOnToolsVersion = 11.1;
					};
				};
			};
			buildConfigurationList = 8604121F23EE21F50023A61D /* Build configuration list for PBXProject "BMI-Calculator" */;
			compatibilityVersion = "Xcode 9.3";
			developmentRegion = en;
			hasScannedForEncodings = 0;
			knownRegions = (
				en,
				Base,
			);
			mainGroup = 8604121B23EE21F50023A61D;
			productRefGroup = 8604122523EE21F50023A61D /* Products */;
			projectDirPath = "";
			projectRoot = "";
			targets = (
				8604122323EE21F50023A61D /* BMI-Calculator */,
			);
		};
/* End PBXProject section */

/* Begin PBXResourcesBuildPhase section */
		8604122223EE21F50023A61D /* Resources */ = {
			isa = PBXResourcesBuildPhase;
			buildActionMask = 2147483647;
			files = (
				8604123423EE21F80023A61D /* LaunchScreen.storyboard in Resources */,
				8604123123EE21F80023A61D /* Assets.xcassets in Resources */,
				8604122F23EE21F50023A61D /* Main.storyboard in Resources */,
			);
			runOnlyForDeploymentPostprocessing = 0;
		};
/* End PBXResourcesBuildPhase section */

/* Begin PBXSourcesBuildPhase section */
		8604122023EE21F50023A61D /* Sources */ = {
			isa = PBXSourcesBuildPhase;
			buildActionMask = 2147483647;
			files = (
				8604124423EE310E0023A61D /* ResultVC.swift in Sources */,
				8604124223EE2DAE0023A61D /* UIButtonX.swift in Sources */,
				8604122823EE21F50023A61D /* AppDelegate.swift in Sources */,
				8604124823EE37FD0023A61D /* BMI.swift in Sources */,
				8604122A23EE21F50023A61D /* SceneDelegate.swift in Sources */,
				8604124623EE37A70023A61D /* BMICalculator.swift in Sources */,
				8604123F23EE26B00023A61D /* BMIVC.swift in Sources */,
			);
			runOnlyForDeploymentPostprocessing = 0;
		};
/* End PBXSourcesBuildPhase section */

/* Begin PBXVariantGroup section */
		8604122D23EE21F50023A61D /* Main.storyboard */ = {
			isa = PBXVariantGroup;
			children = (
				8604122E23EE21F50023A61D /* Base */,
			);
			name = Main.storyboard;
			sourceTree = "<group>";
		};
		8604123223EE21F80023A61D /* LaunchScreen.storyboard */ = {
			isa = PBXVariantGroup;
			children = (
				8604123323EE21F80023A61D /* Base */,
			);
			name = LaunchScreen.storyboard;
			sourceTree = "<group>";
		};
/* End PBXVariantGroup section */

/* Begin XCBuildConfiguration section */
		8604123623EE21F80023A61D /* Debug */ = {
			isa = XCBuildConfiguration;
			buildSettings = {
				ALWAYS_SEARCH_USER_PATHS = NO;
				CLANG_ANALYZER_NONNULL = YES;
				CLANG_ANALYZER_NUMBER_OBJECT_CONVERSION = YES_AGGRESSIVE;
				CLANG_CXX_LANGUAGE_STANDARD = "gnu++14";
				CLANG_CXX_LIBRARY = "libc++";
				CLANG_ENABLE_MODULES = YES;
				CLANG_ENABLE_OBJC_ARC = YES;
				CLANG_ENABLE_OBJC_WEAK = YES;
				CLANG_WARN_BLOCK_CAPTURE_AUTORELEASING = YES;
				CLANG_WARN_BOOL_CONVERSION = YES;
				CLANG_WARN_COMMA = YES;
				CLANG_WARN_CONSTANT_CONVERSION = YES;
				CLANG_WARN_DEPRECATED_OBJC_IMPLEMENTATIONS = YES;
				CLANG_WARN_DIRECT_OBJC_ISA_USAGE = YES_ERROR;
				CLANG_WARN_DOCUMENTATION_COMMENTS = YES;
				CLANG_WARN_EMPTY_BODY = YES;
				CLANG_WARN_ENUM_CONVERSION = YES;
				CLANG_WARN_INFINITE_RECURSION = YES;
				CLANG_WARN_INT_CONVERSION = YES;
				CLANG_WARN_NON_LITERAL_NULL_CONVERSION = YES;
				CLANG_WARN_OBJC_IMPLICIT_RETAIN_SELF = YES;
				CLANG_WARN_OBJC_LITERAL_CONVERSION = YES;
				CLANG_WARN_OBJC_ROOT_CLASS = YES_ERROR;
				CLANG_WARN_RANGE_LOOP_ANALYSIS = YES;
				CLANG_WARN_STRICT_PROTOTYPES = YES;
				CLANG_WARN_SUSPICIOUS_MOVE = YES;
				CLANG_WARN_UNGUARDED_AVAILABILITY = YES_AGGRESSIVE;
				CLANG_WARN_UNREACHABLE_CODE = YES;
				CLANG_WARN__DUPLICATE_METHOD_MATCH = YES;
				COPY_PHASE_STRIP = NO;
				DEBUG_INFORMATION_FORMAT = dwarf;
				ENABLE_STRICT_OBJC_MSGSEND = YES;
				ENABLE_TESTABILITY = YES;
				GCC_C_LANGUAGE_STANDARD = gnu11;
				GCC_DYNAMIC_NO_PIC = NO;
				GCC_NO_COMMON_BLOCKS = YES;
				GCC_OPTIMIZATION_LEVEL = 0;
				GCC_PREPROCESSOR_DEFINITIONS = (
					"DEBUG=1",
					"$(inherited)",
				);
				GCC_WARN_64_TO_32_BIT_CONVERSION = YES;
				GCC_WARN_ABOUT_RETURN_TYPE = YES_ERROR;
				GCC_WARN_UNDECLARED_SELECTOR = YES;
				GCC_WARN_UNINITIALIZED_AUTOS = YES_AGGRESSIVE;
				GCC_WARN_UNUSED_FUNCTION = YES;
				GCC_WARN_UNUSED_VARIABLE = YES;
				IPHONEOS_DEPLOYMENT_TARGET = 13.1;
				MTL_ENABLE_DEBUG_INFO = INCLUDE_SOURCE;
				MTL_FAST_MATH = YES;
				ONLY_ACTIVE_ARCH = YES;
				SDKROOT = iphoneos;
				SWIFT_ACTIVE_COMPILATION_CONDITIONS = DEBUG;
				SWIFT_OPTIMIZATION_LEVEL = "-Onone";
			};
			name = Debug;
		};
		8604123723EE21F80023A61D /* Release */ = {
			isa = XCBuildConfiguration;
			buildSettings = {
				ALWAYS_SEARCH_USER_PATHS = NO;
				CLANG_ANALYZER_NONNULL = YES;
				CLANG_ANALYZER_NUMBER_OBJECT_CONVERSION = YES_AGGRESSIVE;
				CLANG_CXX_LANGUAGE_STANDARD = "gnu++14";
				CLANG_CXX_LIBRARY = "libc++";
				CLANG_ENABLE_MODULES = YES;
				CLANG_ENABLE_OBJC_ARC = YES;
				CLANG_ENABLE_OBJC_WEAK = YES;
				CLANG_WARN_BLOCK_CAPTURE_AUTORELEASING = YES;
				CLANG_WARN_BOOL_CONVERSION = YES;
				CLANG_WARN_COMMA = YES;
				CLANG_WARN_CONSTANT_CONVERSION = YES;
				CLANG_WARN_DEPRECATED_OBJC_IMPLEMENTATIONS = YES;
				CLANG_WARN_DIRECT_OBJC_ISA_USAGE = YES_ERROR;
				CLANG_WARN_DOCUMENTATION_COMMENTS = YES;
				CLANG_WARN_EMPTY_BODY = YES;
				CLANG_WARN_ENUM_CONVERSION = YES;
				CLANG_WARN_INFINITE_RECURSION = YES;
				CLANG_WARN_INT_CONVERSION = YES;
				CLANG_WARN_NON_LITERAL_NULL_CONVERSION = YES;
				CLANG_WARN_OBJC_IMPLICIT_RETAIN_SELF = YES;
				CLANG_WARN_OBJC_LITERAL_CONVERSION = YES;
				CLANG_WARN_OBJC_ROOT_CLASS = YES_ERROR;
				CLANG_WARN_RANGE_LOOP_ANALYSIS = YES;
				CLANG_WARN_STRICT_PROTOTYPES = YES;
				CLANG_WARN_SUSPICIOUS_MOVE = YES;
				CLANG_WARN_UNGUARDED_AVAILABILITY = YES_AGGRESSIVE;
				CLANG_WARN_UNREACHABLE_CODE = YES;
				CLANG_WARN__DUPLICATE_METHOD_MATCH = YES;
				COPY_PHASE_STRIP = NO;
				DEBUG_INFORMATION_FORMAT = "dwarf-with-dsym";
				ENABLE_NS_ASSERTIONS = NO;
				ENABLE_STRICT_OBJC_MSGSEND = YES;
				GCC_C_LANGUAGE_STANDARD = gnu11;
				GCC_NO_COMMON_BLOCKS = YES;
				GCC_WARN_64_TO_32_BIT_CONVERSION = YES;
				GCC_WARN_ABOUT_RETURN_TYPE = YES_ERROR;
				GCC_WARN_UNDECLARED_SELECTOR = YES;
				GCC_WARN_UNINITIALIZED_AUTOS = YES_AGGRESSIVE;
				GCC_WARN_UNUSED_FUNCTION = YES;
				GCC_WARN_UNUSED_VARIABLE = YES;
				IPHONEOS_DEPLOYMENT_TARGET = 13.1;
				MTL_ENABLE_DEBUG_INFO = NO;
				MTL_FAST_MATH = YES;
				SDKROOT = iphoneos;
				SWIFT_COMPILATION_MODE = wholemodule;
				SWIFT_OPTIMIZATION_LEVEL = "-O";
				VALIDATE_PRODUCT = YES;
			};
			name = Release;
		};
		8604123923EE21F80023A61D /* Debug */ = {
			isa = XCBuildConfiguration;
			buildSettings = {
				ASSETCATALOG_COMPILER_APPICON_NAME = AppIcon;
				CODE_SIGN_STYLE = Automatic;
				DEVELOPMENT_TEAM = DJR3CAHASS;
				INFOPLIST_FILE = "BMI-Calculator/Info.plist";
				LD_RUNPATH_SEARCH_PATHS = (
					"$(inherited)",
					"@executable_path/Frameworks",
				);
				PRODUCT_BUNDLE_IDENTIFIER = "com.Meme.BMI-Calculator";
				PRODUCT_NAME = "$(TARGET_NAME)";
				SWIFT_VERSION = 5.0;
				TARGETED_DEVICE_FAMILY = "1,2";
			};
			name = Debug;
		};
		8604123A23EE21F80023A61D /* Release */ = {
			isa = XCBuildConfiguration;
			buildSettings = {
				ASSETCATALOG_COMPILER_APPICON_NAME = AppIcon;
				CODE_SIGN_STYLE = Automatic;
				DEVELOPMENT_TEAM = DJR3CAHASS;
				INFOPLIST_FILE = "BMI-Calculator/Info.plist";
				LD_RUNPATH_SEARCH_PATHS = (
					"$(inherited)",
					"@executable_path/Frameworks",
				);
				PRODUCT_BUNDLE_IDENTIFIER = "com.Meme.BMI-Calculator";
				PRODUCT_NAME = "$(TARGET_NAME)";
				SWIFT_VERSION = 5.0;
				TARGETED_DEVICE_FAMILY = "1,2";
			};
			name = Release;
		};
/* End XCBuildConfiguration section */

/* Begin XCConfigurationList section */
		8604121F23EE21F50023A61D /* Build configuration list for PBXProject "BMI-Calculator" */ = {
			isa = XCConfigurationList;
			buildConfigurations = (
				8604123623EE21F80023A61D /* Debug */,
				8604123723EE21F80023A61D /* Release */,
			);
			defaultConfigurationIsVisible = 0;
			defaultConfigurationName = Release;
		};
		8604123823EE21F80023A61D /* Build configuration list for PBXNativeTarget "BMI-Calculator" */ = {
			isa = XCConfigurationList;
			buildConfigurations = (
				8604123923EE21F80023A61D /* Debug */,
				8604123A23EE21F80023A61D /* Release */,
			);
			defaultConfigurationIsVisible = 0;
			defaultConfigurationName = Release;
		};
/* End XCConfigurationList section */
	};
	rootObject = 8604121C23EE21F50023A61D /* Project object */;
}
