// !$*UTF8*$!
{
	archiveVersion = 1;
	classes = {
	};
	objectVersion = 50;
	objects = {

/* Begin PBXBuildFile section */
		8654AB5223FEFEFA00CC60EB /* AppDelegate.swift in Sources */ = {isa = PBXBuildFile; fileRef = 8654AB5123FEFEFA00CC60EB /* AppDelegate.swift */; };
		8654AB5423FEFEFA00CC60EB /* SceneDelegate.swift in Sources */ = {isa = PBXBuildFile; fileRef = 8654AB5323FEFEFA00CC60EB /* SceneDelegate.swift */; };
		8654AB5923FEFEFA00CC60EB /* Main.storyboard in Resources */ = {isa = PBXBuildFile; fileRef = 8654AB5723FEFEFA00CC60EB /* Main.storyboard */; };
		8654AB5B23FEFEFC00CC60EB /* Assets.xcassets in Resources */ = {isa = PBXBuildFile; fileRef = 8654AB5A23FEFEFC00CC60EB /* Assets.xcassets */; };
		8654AB5E23FEFEFC00CC60EB /* LaunchScreen.storyboard in Resources */ = {isa = PBXBuildFile; fileRef = 8654AB5C23FEFEFC00CC60EB /* LaunchScreen.storyboard */; };
		8654AB6623FEFFB700CC60EB /* QuoteTableViewController.swift in Sources */ = {isa = PBXBuildFile; fileRef = 8654AB6523FEFFB700CC60EB /* QuoteTableViewController.swift */; };
/* End PBXBuildFile section */

/* Begin PBXFileReference section */
		8654AB4E23FEFEFA00CC60EB /* InspoQuotes.app */ = {isa = PBXFileReference; explicitFileType = wrapper.application; includeInIndex = 0; path = InspoQuotes.app; sourceTree = BUILT_PRODUCTS_DIR; };
		8654AB5123FEFEFA00CC60EB /* AppDelegate.swift */ = {isa = PBXFileReference; lastKnownFileType = sourcecode.swift; path = AppDelegate.swift; sourceTree = "<group>"; };
		8654AB5323FEFEFA00CC60EB /* SceneDelegate.swift */ = {isa = PBXFileReference; lastKnownFileType = sourcecode.swift; path = SceneDelegate.swift; sourceTree = "<group>"; };
		8654AB5823FEFEFA00CC60EB /* Base */ = {isa = PBXFileReference; lastKnownFileType = file.storyboard; name = Base; path = Base.lproj/Main.storyboard; sourceTree = "<group>"; };
		8654AB5A23FEFEFC00CC60EB /* Assets.xcassets */ = {isa = PBXFileReference; lastKnownFileType = folder.assetcatalog; path = Assets.xcassets; sourceTree = "<group>"; };
		8654AB5D23FEFEFC00CC60EB /* Base */ = {isa = PBXFileReference; lastKnownFileType = file.storyboard; name = Base; path = Base.lproj/LaunchScreen.storyboard; sourceTree = "<group>"; };
		8654AB5F23FEFEFC00CC60EB /* Info.plist */ = {isa = PBXFileReference; lastKnownFileType = text.plist.xml; path = Info.plist; sourceTree = "<group>"; };
		8654AB6523FEFFB700CC60EB /* QuoteTableViewController.swift */ = {isa = PBXFileReference; lastKnownFileType = sourcecode.swift; path = QuoteTableViewController.swift; sourceTree = "<group>"; };
/* End PBXFileReference section */

/* Begin PBXFrameworksBuildPhase section */
		8654AB4B23FEFEFA00CC60EB /* Frameworks */ = {
			isa = PBXFrameworksBuildPhase;
			buildActionMask = 2147483647;
			files = (
			);
			runOnlyForDeploymentPostprocessing = 0;
		};
/* End PBXFrameworksBuildPhase section */

/* Begin PBXGroup section */
		8654AB4523FEFEFA00CC60EB = {
			isa = PBXGroup;
			children = (
				8654AB5023FEFEFA00CC60EB /* InspoQuotes */,
				8654AB4F23FEFEFA00CC60EB /* Products */,
			);
			sourceTree = "<group>";
		};
		8654AB4F23FEFEFA00CC60EB /* Products */ = {
			isa = PBXGroup;
			children = (
				8654AB4E23FEFEFA00CC60EB /* InspoQuotes.app */,
			);
			name = Products;
			sourceTree = "<group>";
		};
		8654AB5023FEFEFA00CC60EB /* InspoQuotes */ = {
			isa = PBXGroup;
			children = (
				8654AB5123FEFEFA00CC60EB /* AppDelegate.swift */,
				8654AB5323FEFEFA00CC60EB /* SceneDelegate.swift */,
				8654AB6523FEFFB700CC60EB /* QuoteTableViewController.swift */,
				8654AB5723FEFEFA00CC60EB /* Main.storyboard */,
				8654AB5A23FEFEFC00CC60EB /* Assets.xcassets */,
				8654AB5C23FEFEFC00CC60EB /* LaunchScreen.storyboard */,
				8654AB5F23FEFEFC00CC60EB /* Info.plist */,
			);
			path = InspoQuotes;
			sourceTree = "<group>";
		};
/* End PBXGroup section */

/* Begin PBXNativeTarget section */
		8654AB4D23FEFEFA00CC60EB /* InspoQuotes */ = {
			isa = PBXNativeTarget;
			buildConfigurationList = 8654AB6223FEFEFC00CC60EB /* Build configuration list for PBXNativeTarget "InspoQuotes" */;
			buildPhases = (
				8654AB4A23FEFEFA00CC60EB /* Sources */,
				8654AB4B23FEFEFA00CC60EB /* Frameworks */,
				8654AB4C23FEFEFA00CC60EB /* Resources */,
			);
			buildRules = (
			);
			dependencies = (
			);
			name = InspoQuotes;
			productName = InspoQuotes;
			productReference = 8654AB4E23FEFEFA00CC60EB /* InspoQuotes.app */;
			productType = "com.apple.product-type.application";
		};
/* End PBXNativeTarget section */

/* Begin PBXProject section */
		8654AB4623FEFEFA00CC60EB /* Project object */ = {
			isa = PBXProject;
			attributes = {
				LastSwiftUpdateCheck = 1130;
				LastUpgradeCheck = 1130;
				ORGANIZATIONNAME = "Khaled Meme";
				TargetAttributes = {
					8654AB4D23FEFEFA00CC60EB = {
						CreatedOnToolsVersion = 11.3.1;
					};
				};
			};
			buildConfigurationList = 8654AB4923FEFEFA00CC60EB /* Build configuration list for PBXProject "InspoQuotes" */;
			compatibilityVersion = "Xcode 9.3";
			developmentRegion = en;
			hasScannedForEncodings = 0;
			knownRegions = (
				en,
				Base,
			);
			mainGroup = 8654AB4523FEFEFA00CC60EB;
			productRefGroup = 8654AB4F23FEFEFA00CC60EB /* Products */;
			projectDirPath = "";
			projectRoot = "";
			targets = (
				8654AB4D23FEFEFA00CC60EB /* InspoQuotes */,
			);
		};
/* End PBXProject section */

/* Begin PBXResourcesBuildPhase section */
		8654AB4C23FEFEFA00CC60EB /* Resources */ = {
			isa = PBXResourcesBuildPhase;
			buildActionMask = 2147483647;
			files = (
				8654AB5E23FEFEFC00CC60EB /* LaunchScreen.storyboard in Resources */,
				8654AB5B23FEFEFC00CC60EB /* Assets.xcassets in Resources */,
				8654AB5923FEFEFA00CC60EB /* Main.storyboard in Resources */,
			);
			runOnlyForDeploymentPostprocessing = 0;
		};
/* End PBXResourcesBuildPhase section */

/* Begin PBXSourcesBuildPhase section */
		8654AB4A23FEFEFA00CC60EB /* Sources */ = {
			isa = PBXSourcesBuildPhase;
			buildActionMask = 2147483647;
			files = (
				8654AB5223FEFEFA00CC60EB /* AppDelegate.swift in Sources */,
				8654AB6623FEFFB700CC60EB /* QuoteTableViewController.swift in Sources */,
				8654AB5423FEFEFA00CC60EB /* SceneDelegate.swift in Sources */,
			);
			runOnlyForDeploymentPostprocessing = 0;
		};
/* End PBXSourcesBuildPhase section */

/* Begin PBXVariantGroup section */
		8654AB5723FEFEFA00CC60EB /* Main.storyboard */ = {
			isa = PBXVariantGroup;
			children = (
				8654AB5823FEFEFA00CC60EB /* Base */,
			);
			name = Main.storyboard;
			sourceTree = "<group>";
		};
		8654AB5C23FEFEFC00CC60EB /* LaunchScreen.storyboard */ = {
			isa = PBXVariantGroup;
			children = (
				8654AB5D23FEFEFC00CC60EB /* Base */,
			);
			name = LaunchScreen.storyboard;
			sourceTree = "<group>";
		};
/* End PBXVariantGroup section */

/* Begin XCBuildConfiguration section */
		8654AB6023FEFEFC00CC60EB /* Debug */ = {
			isa = XCBuildConfiguration;
			buildSettings = {
				ALWAYS_SEARCH_USER_PATHS = NO;
				CLANG_ANALYZER_NONNULL = YES;
				CLANG_ANALYZER_NUMBER_OBJECT_CONVERSION = YES_AGGRESSIVE;
				CLANG_CXX_LANGUAGE_STANDARD = "gnu++14";
				CLANG_CXX_LIBRARY = "libc++";
				CLANG_ENABLE_MODULES = YES;
				CLANG_ENABLE_OBJC_ARC = YES;
				CLANG_ENABLE_OBJC_WEAK = YES;
				CLANG_WARN_BLOCK_CAPTURE_AUTORELEASING = YES;
				CLANG_WARN_BOOL_CONVERSION = YES;
				CLANG_WARN_COMMA = YES;
				CLANG_WARN_CONSTANT_CONVERSION = YES;
				CLANG_WARN_DEPRECATED_OBJC_IMPLEMENTATIONS = YES;
				CLANG_WARN_DIRECT_OBJC_ISA_USAGE = YES_ERROR;
				CLANG_WARN_DOCUMENTATION_COMMENTS = YES;
				CLANG_WARN_EMPTY_BODY = YES;
				CLANG_WARN_ENUM_CONVERSION = YES;
				CLANG_WARN_INFINITE_RECURSION = YES;
				CLANG_WARN_INT_CONVERSION = YES;
				CLANG_WARN_NON_LITERAL_NULL_CONVERSION = YES;
				CLANG_WARN_OBJC_IMPLICIT_RETAIN_SELF = YES;
				CLANG_WARN_OBJC_LITERAL_CONVERSION = YES;
				CLANG_WARN_OBJC_ROOT_CLASS = YES_ERROR;
				CLANG_WARN_RANGE_LOOP_ANALYSIS = YES;
				CLANG_WARN_STRICT_PROTOTYPES = YES;
				CLANG_WARN_SUSPICIOUS_MOVE = YES;
				CLANG_WARN_UNGUARDED_AVAILABILITY = YES_AGGRESSIVE;
				CLANG_WARN_UNREACHABLE_CODE = YES;
				CLANG_WARN__DUPLICATE_METHOD_MATCH = YES;
				COPY_PHASE_STRIP = NO;
				DEBUG_INFORMATION_FORMAT = dwarf;
				ENABLE_STRICT_OBJC_MSGSEND = YES;
				ENABLE_TESTABILITY = YES;
				GCC_C_LANGUAGE_STANDARD = gnu11;
				GCC_DYNAMIC_NO_PIC = NO;
				GCC_NO_COMMON_BLOCKS = YES;
				GCC_OPTIMIZATION_LEVEL = 0;
				GCC_PREPROCESSOR_DEFINITIONS = (
					"DEBUG=1",
					"$(inherited)",
				);
				GCC_WARN_64_TO_32_BIT_CONVERSION = YES;
				GCC_WARN_ABOUT_RETURN_TYPE = YES_ERROR;
				GCC_WARN_UNDECLARED_SELECTOR = YES;
				GCC_WARN_UNINITIALIZED_AUTOS = YES_AGGRESSIVE;
				GCC_WARN_UNUSED_FUNCTION = YES;
				GCC_WARN_UNUSED_VARIABLE = YES;
				IPHONEOS_DEPLOYMENT_TARGET = 13.2;
				MTL_ENABLE_DEBUG_INFO = INCLUDE_SOURCE;
				MTL_FAST_MATH = YES;
				ONLY_ACTIVE_ARCH = YES;
				SDKROOT = iphoneos;
				SWIFT_ACTIVE_COMPILATION_CONDITIONS = DEBUG;
				SWIFT_OPTIMIZATION_LEVEL = "-Onone";
			};
			name = Debug;
		};
		8654AB6123FEFEFC00CC60EB /* Release */ = {
			isa = XCBuildConfiguration;
			buildSettings = {
				ALWAYS_SEARCH_USER_PATHS = NO;
				CLANG_ANALYZER_NONNULL = YES;
				CLANG_ANALYZER_NUMBER_OBJECT_CONVERSION = YES_AGGRESSIVE;
				CLANG_CXX_LANGUAGE_STANDARD = "gnu++14";
				CLANG_CXX_LIBRARY = "libc++";
				CLANG_ENABLE_MODULES = YES;
				CLANG_ENABLE_OBJC_ARC = YES;
				CLANG_ENABLE_OBJC_WEAK = YES;
				CLANG_WARN_BLOCK_CAPTURE_AUTORELEASING = YES;
				CLANG_WARN_BOOL_CONVERSION = YES;
				CLANG_WARN_COMMA = YES;
				CLANG_WARN_CONSTANT_CONVERSION = YES;
				CLANG_WARN_DEPRECATED_OBJC_IMPLEMENTATIONS = YES;
				CLANG_WARN_DIRECT_OBJC_ISA_USAGE = YES_ERROR;
				CLANG_WARN_DOCUMENTATION_COMMENTS = YES;
				CLANG_WARN_EMPTY_BODY = YES;
				CLANG_WARN_ENUM_CONVERSION = YES;
				CLANG_WARN_INFINITE_RECURSION = YES;
				CLANG_WARN_INT_CONVERSION = YES;
				CLANG_WARN_NON_LITERAL_NULL_CONVERSION = YES;
				CLANG_WARN_OBJC_IMPLICIT_RETAIN_SELF = YES;
				CLANG_WARN_OBJC_LITERAL_CONVERSION = YES;
				CLANG_WARN_OBJC_ROOT_CLASS = YES_ERROR;
				CLANG_WARN_RANGE_LOOP_ANALYSIS = YES;
				CLANG_WARN_STRICT_PROTOTYPES = YES;
				CLANG_WARN_SUSPICIOUS_MOVE = YES;
				CLANG_WARN_UNGUARDED_AVAILABILITY = YES_AGGRESSIVE;
				CLANG_WARN_UNREACHABLE_CODE = YES;
				CLANG_WARN__DUPLICATE_METHOD_MATCH = YES;
				COPY_PHASE_STRIP = NO;
				DEBUG_INFORMATION_FORMAT = "dwarf-with-dsym";
				ENABLE_NS_ASSERTIONS = NO;
				ENABLE_STRICT_OBJC_MSGSEND = YES;
				GCC_C_LANGUAGE_STANDARD = gnu11;
				GCC_NO_COMMON_BLOCKS = YES;
				GCC_WARN_64_TO_32_BIT_CONVERSION = YES;
				GCC_WARN_ABOUT_RETURN_TYPE = YES_ERROR;
				GCC_WARN_UNDECLARED_SELECTOR = YES;
				GCC_WARN_UNINITIALIZED_AUTOS = YES_AGGRESSIVE;
				GCC_WARN_UNUSED_FUNCTION = YES;
				GCC_WARN_UNUSED_VARIABLE = YES;
				IPHONEOS_DEPLOYMENT_TARGET = 13.2;
				MTL_ENABLE_DEBUG_INFO = NO;
				MTL_FAST_MATH = YES;
				SDKROOT = iphoneos;
				SWIFT_COMPILATION_MODE = wholemodule;
				SWIFT_OPTIMIZATION_LEVEL = "-O";
				VALIDATE_PRODUCT = YES;
			};
			name = Release;
		};
		8654AB6323FEFEFC00CC60EB /* Debug */ = {
			isa = XCBuildConfiguration;
			buildSettings = {
				ASSETCATALOG_COMPILER_APPICON_NAME = AppIcon;
				CODE_SIGN_STYLE = Automatic;
				DEVELOPMENT_TEAM = DJR3CAHASS;
				INFOPLIST_FILE = InspoQuotes/Info.plist;
				LD_RUNPATH_SEARCH_PATHS = (
					"$(inherited)",
					"@executable_path/Frameworks",
				);
				PRODUCT_BUNDLE_IDENTIFIER = com.Meme.InspoQuotes;
				PRODUCT_NAME = "$(TARGET_NAME)";
				SWIFT_VERSION = 5.0;
				TARGETED_DEVICE_FAMILY = "1,2";
			};
			name = Debug;
		};
		8654AB6423FEFEFC00CC60EB /* Release */ = {
			isa = XCBuildConfiguration;
			buildSettings = {
				ASSETCATALOG_COMPILER_APPICON_NAME = AppIcon;
				CODE_SIGN_STYLE = Automatic;
				DEVELOPMENT_TEAM = DJR3CAHASS;
				INFOPLIST_FILE = InspoQuotes/Info.plist;
				LD_RUNPATH_SEARCH_PATHS = (
					"$(inherited)",
					"@executable_path/Frameworks",
				);
				PRODUCT_BUNDLE_IDENTIFIER = com.Meme.InspoQuotes;
				PRODUCT_NAME = "$(TARGET_NAME)";
				SWIFT_VERSION = 5.0;
				TARGETED_DEVICE_FAMILY = "1,2";
			};
			name = Release;
		};
/* End XCBuildConfiguration section */

/* Begin XCConfigurationList section */
		8654AB4923FEFEFA00CC60EB /* Build configuration list for PBXProject "InspoQuotes" */ = {
			isa = XCConfigurationList;
			buildConfigurations = (
				8654AB6023FEFEFC00CC60EB /* Debug */,
				8654AB6123FEFEFC00CC60EB /* Release */,
			);
			defaultConfigurationIsVisible = 0;
			defaultConfigurationName = Release;
		};
		8654AB6223FEFEFC00CC60EB /* Build configuration list for PBXNativeTarget "InspoQuotes" */ = {
			isa = XCConfigurationList;
			buildConfigurations = (
				8654AB6323FEFEFC00CC60EB /* Debug */,
				8654AB6423FEFEFC00CC60EB /* Release */,
			);
			defaultConfigurationIsVisible = 0;
			defaultConfigurationName = Release;
		};
/* End XCConfigurationList section */
	};
	rootObject = 8654AB4623FEFEFA00CC60EB /* Project object */;
}
