// !$*UTF8*$!
{
	archiveVersion = 1;
	classes = {
	};
	objectVersion = 50;
	objects = {

/* Begin PBXBuildFile section */
		8641C15523CE337A00349163 /* AppDelegate.swift in Sources */ = {isa = PBXBuildFile; fileRef = 8641C15423CE337A00349163 /* AppDelegate.swift */; };
		8641C15723CE337A00349163 /* SceneDelegate.swift in Sources */ = {isa = PBXBuildFile; fileRef = 8641C15623CE337A00349163 /* SceneDelegate.swift */; };
		8641C15923CE337A00349163 /* ViewController.swift in Sources */ = {isa = PBXBuildFile; fileRef = 8641C15823CE337A00349163 /* ViewController.swift */; };
		8641C15C23CE337A00349163 /* Main.storyboard in Resources */ = {isa = PBXBuildFile; fileRef = 8641C15A23CE337A00349163 /* Main.storyboard */; };
		8641C15E23CE337E00349163 /* Assets.xcassets in Resources */ = {isa = PBXBuildFile; fileRef = 8641C15D23CE337E00349163 /* Assets.xcassets */; };
		8641C16123CE337E00349163 /* LaunchScreen.storyboard in Resources */ = {isa = PBXBuildFile; fileRef = 8641C15F23CE337E00349163 /* LaunchScreen.storyboard */; };
		8641C16923CE379A00349163 /* UIImageViewWithMask.swift in Sources */ = {isa = PBXBuildFile; fileRef = 8641C16823CE379A00349163 /* UIImageViewWithMask.swift */; };
		8641C16C23CF618200349163 /* PopUpVC.swift in Sources */ = {isa = PBXBuildFile; fileRef = 8641C16B23CF618200349163 /* PopUpVC.swift */; };
		8641C16E23CF8ADA00349163 /* IBDesignableView.swift in Sources */ = {isa = PBXBuildFile; fileRef = 8641C16D23CF8ADA00349163 /* IBDesignableView.swift */; };
/* End PBXBuildFile section */

/* Begin PBXFileReference section */
		8641C15123CE337A00349163 /* imageMask.app */ = {isa = PBXFileReference; explicitFileType = wrapper.application; includeInIndex = 0; path = imageMask.app; sourceTree = BUILT_PRODUCTS_DIR; };
		8641C15423CE337A00349163 /* AppDelegate.swift */ = {isa = PBXFileReference; lastKnownFileType = sourcecode.swift; path = AppDelegate.swift; sourceTree = "<group>"; };
		8641C15623CE337A00349163 /* SceneDelegate.swift */ = {isa = PBXFileReference; lastKnownFileType = sourcecode.swift; path = SceneDelegate.swift; sourceTree = "<group>"; };
		8641C15823CE337A00349163 /* ViewController.swift */ = {isa = PBXFileReference; lastKnownFileType = sourcecode.swift; path = ViewController.swift; sourceTree = "<group>"; };
		8641C15B23CE337A00349163 /* Base */ = {isa = PBXFileReference; lastKnownFileType = file.storyboard; name = Base; path = Base.lproj/Main.storyboard; sourceTree = "<group>"; };
		8641C15D23CE337E00349163 /* Assets.xcassets */ = {isa = PBXFileReference; lastKnownFileType = folder.assetcatalog; path = Assets.xcassets; sourceTree = "<group>"; };
		8641C16023CE337E00349163 /* Base */ = {isa = PBXFileReference; lastKnownFileType = file.storyboard; name = Base; path = Base.lproj/LaunchScreen.storyboard; sourceTree = "<group>"; };
		8641C16223CE337E00349163 /* Info.plist */ = {isa = PBXFileReference; lastKnownFileType = text.plist.xml; path = Info.plist; sourceTree = "<group>"; };
		8641C16823CE379A00349163 /* UIImageViewWithMask.swift */ = {isa = PBXFileReference; lastKnownFileType = sourcecode.swift; path = UIImageViewWithMask.swift; sourceTree = "<group>"; };
		8641C16B23CF618200349163 /* PopUpVC.swift */ = {isa = PBXFileReference; lastKnownFileType = sourcecode.swift; path = PopUpVC.swift; sourceTree = "<group>"; };
		8641C16D23CF8ADA00349163 /* IBDesignableView.swift */ = {isa = PBXFileReference; lastKnownFileType = sourcecode.swift; path = IBDesignableView.swift; sourceTree = "<group>"; };
/* End PBXFileReference section */

/* Begin PBXFrameworksBuildPhase section */
		8641C14E23CE337A00349163 /* Frameworks */ = {
			isa = PBXFrameworksBuildPhase;
			buildActionMask = 2147483647;
			files = (
			);
			runOnlyForDeploymentPostprocessing = 0;
		};
/* End PBXFrameworksBuildPhase section */

/* Begin PBXGroup section */
		8641C14823CE337A00349163 = {
			isa = PBXGroup;
			children = (
				8641C15323CE337A00349163 /* imageMask */,
				8641C15223CE337A00349163 /* Products */,
			);
			sourceTree = "<group>";
		};
		8641C15223CE337A00349163 /* Products */ = {
			isa = PBXGroup;
			children = (
				8641C15123CE337A00349163 /* imageMask.app */,
			);
			name = Products;
			sourceTree = "<group>";
		};
		8641C15323CE337A00349163 /* imageMask */ = {
			isa = PBXGroup;
			children = (
				8641C15423CE337A00349163 /* AppDelegate.swift */,
				8641C15623CE337A00349163 /* SceneDelegate.swift */,
				8641C15823CE337A00349163 /* ViewController.swift */,
				8641C15A23CE337A00349163 /* Main.storyboard */,
				8641C15D23CE337E00349163 /* Assets.xcassets */,
				8641C15F23CE337E00349163 /* LaunchScreen.storyboard */,
				8641C16223CE337E00349163 /* Info.plist */,
				8641C16823CE379A00349163 /* UIImageViewWithMask.swift */,
				8641C16B23CF618200349163 /* PopUpVC.swift */,
				8641C16D23CF8ADA00349163 /* IBDesignableView.swift */,
			);
			path = imageMask;
			sourceTree = "<group>";
		};
/* End PBXGroup section */

/* Begin PBXNativeTarget section */
		8641C15023CE337A00349163 /* imageMask */ = {
			isa = PBXNativeTarget;
			buildConfigurationList = 8641C16523CE337E00349163 /* Build configuration list for PBXNativeTarget "imageMask" */;
			buildPhases = (
				8641C14D23CE337A00349163 /* Sources */,
				8641C14E23CE337A00349163 /* Frameworks */,
				8641C14F23CE337A00349163 /* Resources */,
			);
			buildRules = (
			);
			dependencies = (
			);
			name = imageMask;
			productName = imageMask;
			productReference = 8641C15123CE337A00349163 /* imageMask.app */;
			productType = "com.apple.product-type.application";
		};
/* End PBXNativeTarget section */

/* Begin PBXProject section */
		8641C14923CE337A00349163 /* Project object */ = {
			isa = PBXProject;
			attributes = {
				LastSwiftUpdateCheck = 1110;
				LastUpgradeCheck = 1110;
				ORGANIZATIONNAME = "Khaled Meme";
				TargetAttributes = {
					8641C15023CE337A00349163 = {
						CreatedOnToolsVersion = 11.1;
					};
				};
			};
			buildConfigurationList = 8641C14C23CE337A00349163 /* Build configuration list for PBXProject "imageMask" */;
			compatibilityVersion = "Xcode 9.3";
			developmentRegion = en;
			hasScannedForEncodings = 0;
			knownRegions = (
				en,
				Base,
			);
			mainGroup = 8641C14823CE337A00349163;
			productRefGroup = 8641C15223CE337A00349163 /* Products */;
			projectDirPath = "";
			projectRoot = "";
			targets = (
				8641C15023CE337A00349163 /* imageMask */,
			);
		};
/* End PBXProject section */

/* Begin PBXResourcesBuildPhase section */
		8641C14F23CE337A00349163 /* Resources */ = {
			isa = PBXResourcesBuildPhase;
			buildActionMask = 2147483647;
			files = (
				8641C16123CE337E00349163 /* LaunchScreen.storyboard in Resources */,
				8641C15E23CE337E00349163 /* Assets.xcassets in Resources */,
				8641C15C23CE337A00349163 /* Main.storyboard in Resources */,
			);
			runOnlyForDeploymentPostprocessing = 0;
		};
/* End PBXResourcesBuildPhase section */

/* Begin PBXSourcesBuildPhase section */
		8641C14D23CE337A00349163 /* Sources */ = {
			isa = PBXSourcesBuildPhase;
			buildActionMask = 2147483647;
			files = (
				8641C16923CE379A00349163 /* UIImageViewWithMask.swift in Sources */,
				8641C16E23CF8ADA00349163 /* IBDesignableView.swift in Sources */,
				8641C15923CE337A00349163 /* ViewController.swift in Sources */,
				8641C16C23CF618200349163 /* PopUpVC.swift in Sources */,
				8641C15523CE337A00349163 /* AppDelegate.swift in Sources */,
				8641C15723CE337A00349163 /* SceneDelegate.swift in Sources */,
			);
			runOnlyForDeploymentPostprocessing = 0;
		};
/* End PBXSourcesBuildPhase section */

/* Begin PBXVariantGroup section */
		8641C15A23CE337A00349163 /* Main.storyboard */ = {
			isa = PBXVariantGroup;
			children = (
				8641C15B23CE337A00349163 /* Base */,
			);
			name = Main.storyboard;
			sourceTree = "<group>";
		};
		8641C15F23CE337E00349163 /* LaunchScreen.storyboard */ = {
			isa = PBXVariantGroup;
			children = (
				8641C16023CE337E00349163 /* Base */,
			);
			name = LaunchScreen.storyboard;
			sourceTree = "<group>";
		};
/* End PBXVariantGroup section */

/* Begin XCBuildConfiguration section */
		8641C16323CE337E00349163 /* Debug */ = {
			isa = XCBuildConfiguration;
			buildSettings = {
				ALWAYS_SEARCH_USER_PATHS = NO;
				CLANG_ANALYZER_NONNULL = YES;
				CLANG_ANALYZER_NUMBER_OBJECT_CONVERSION = YES_AGGRESSIVE;
				CLANG_CXX_LANGUAGE_STANDARD = "gnu++14";
				CLANG_CXX_LIBRARY = "libc++";
				CLANG_ENABLE_MODULES = YES;
				CLANG_ENABLE_OBJC_ARC = YES;
				CLANG_ENABLE_OBJC_WEAK = YES;
				CLANG_WARN_BLOCK_CAPTURE_AUTORELEASING = YES;
				CLANG_WARN_BOOL_CONVERSION = YES;
				CLANG_WARN_COMMA = YES;
				CLANG_WARN_CONSTANT_CONVERSION = YES;
				CLANG_WARN_DEPRECATED_OBJC_IMPLEMENTATIONS = YES;
				CLANG_WARN_DIRECT_OBJC_ISA_USAGE = YES_ERROR;
				CLANG_WARN_DOCUMENTATION_COMMENTS = YES;
				CLANG_WARN_EMPTY_BODY = YES;
				CLANG_WARN_ENUM_CONVERSION = YES;
				CLANG_WARN_INFINITE_RECURSION = YES;
				CLANG_WARN_INT_CONVERSION = YES;
				CLANG_WARN_NON_LITERAL_NULL_CONVERSION = YES;
				CLANG_WARN_OBJC_IMPLICIT_RETAIN_SELF = YES;
				CLANG_WARN_OBJC_LITERAL_CONVERSION = YES;
				CLANG_WARN_OBJC_ROOT_CLASS = YES_ERROR;
				CLANG_WARN_RANGE_LOOP_ANALYSIS = YES;
				CLANG_WARN_STRICT_PROTOTYPES = YES;
				CLANG_WARN_SUSPICIOUS_MOVE = YES;
				CLANG_WARN_UNGUARDED_AVAILABILITY = YES_AGGRESSIVE;
				CLANG_WARN_UNREACHABLE_CODE = YES;
				CLANG_WARN__DUPLICATE_METHOD_MATCH = YES;
				COPY_PHASE_STRIP = NO;
				DEBUG_INFORMATION_FORMAT = dwarf;
				ENABLE_STRICT_OBJC_MSGSEND = YES;
				ENABLE_TESTABILITY = YES;
				GCC_C_LANGUAGE_STANDARD = gnu11;
				GCC_DYNAMIC_NO_PIC = NO;
				GCC_NO_COMMON_BLOCKS = YES;
				GCC_OPTIMIZATION_LEVEL = 0;
				GCC_PREPROCESSOR_DEFINITIONS = (
					"DEBUG=1",
					"$(inherited)",
				);
				GCC_WARN_64_TO_32_BIT_CONVERSION = YES;
				GCC_WARN_ABOUT_RETURN_TYPE = YES_ERROR;
				GCC_WARN_UNDECLARED_SELECTOR = YES;
				GCC_WARN_UNINITIALIZED_AUTOS = YES_AGGRESSIVE;
				GCC_WARN_UNUSED_FUNCTION = YES;
				GCC_WARN_UNUSED_VARIABLE = YES;
				IPHONEOS_DEPLOYMENT_TARGET = 13.1;
				MTL_ENABLE_DEBUG_INFO = INCLUDE_SOURCE;
				MTL_FAST_MATH = YES;
				ONLY_ACTIVE_ARCH = YES;
				SDKROOT = iphoneos;
				SWIFT_ACTIVE_COMPILATION_CONDITIONS = DEBUG;
				SWIFT_OPTIMIZATION_LEVEL = "-Onone";
			};
			name = Debug;
		};
		8641C16423CE337E00349163 /* Release */ = {
			isa = XCBuildConfiguration;
			buildSettings = {
				ALWAYS_SEARCH_USER_PATHS = NO;
				CLANG_ANALYZER_NONNULL = YES;
				CLANG_ANALYZER_NUMBER_OBJECT_CONVERSION = YES_AGGRESSIVE;
				CLANG_CXX_LANGUAGE_STANDARD = "gnu++14";
				CLANG_CXX_LIBRARY = "libc++";
				CLANG_ENABLE_MODULES = YES;
				CLANG_ENABLE_OBJC_ARC = YES;
				CLANG_ENABLE_OBJC_WEAK = YES;
				CLANG_WARN_BLOCK_CAPTURE_AUTORELEASING = YES;
				CLANG_WARN_BOOL_CONVERSION = YES;
				CLANG_WARN_COMMA = YES;
				CLANG_WARN_CONSTANT_CONVERSION = YES;
				CLANG_WARN_DEPRECATED_OBJC_IMPLEMENTATIONS = YES;
				CLANG_WARN_DIRECT_OBJC_ISA_USAGE = YES_ERROR;
				CLANG_WARN_DOCUMENTATION_COMMENTS = YES;
				CLANG_WARN_EMPTY_BODY = YES;
				CLANG_WARN_ENUM_CONVERSION = YES;
				CLANG_WARN_INFINITE_RECURSION = YES;
				CLANG_WARN_INT_CONVERSION = YES;
				CLANG_WARN_NON_LITERAL_NULL_CONVERSION = YES;
				CLANG_WARN_OBJC_IMPLICIT_RETAIN_SELF = YES;
				CLANG_WARN_OBJC_LITERAL_CONVERSION = YES;
				CLANG_WARN_OBJC_ROOT_CLASS = YES_ERROR;
				CLANG_WARN_RANGE_LOOP_ANALYSIS = YES;
				CLANG_WARN_STRICT_PROTOTYPES = YES;
				CLANG_WARN_SUSPICIOUS_MOVE = YES;
				CLANG_WARN_UNGUARDED_AVAILABILITY = YES_AGGRESSIVE;
				CLANG_WARN_UNREACHABLE_CODE = YES;
				CLANG_WARN__DUPLICATE_METHOD_MATCH = YES;
				COPY_PHASE_STRIP = NO;
				DEBUG_INFORMATION_FORMAT = "dwarf-with-dsym";
				ENABLE_NS_ASSERTIONS = NO;
				ENABLE_STRICT_OBJC_MSGSEND = YES;
				GCC_C_LANGUAGE_STANDARD = gnu11;
				GCC_NO_COMMON_BLOCKS = YES;
				GCC_WARN_64_TO_32_BIT_CONVERSION = YES;
				GCC_WARN_ABOUT_RETURN_TYPE = YES_ERROR;
				GCC_WARN_UNDECLARED_SELECTOR = YES;
				GCC_WARN_UNINITIALIZED_AUTOS = YES_AGGRESSIVE;
				GCC_WARN_UNUSED_FUNCTION = YES;
				GCC_WARN_UNUSED_VARIABLE = YES;
				IPHONEOS_DEPLOYMENT_TARGET = 13.1;
				MTL_ENABLE_DEBUG_INFO = NO;
				MTL_FAST_MATH = YES;
				SDKROOT = iphoneos;
				SWIFT_COMPILATION_MODE = wholemodule;
				SWIFT_OPTIMIZATION_LEVEL = "-O";
				VALIDATE_PRODUCT = YES;
			};
			name = Release;
		};
		8641C16623CE337E00349163 /* Debug */ = {
			isa = XCBuildConfiguration;
			buildSettings = {
				ASSETCATALOG_COMPILER_APPICON_NAME = AppIcon;
				CODE_SIGN_STYLE = Automatic;
				DEVELOPMENT_TEAM = DJR3CAHASS;
				INFOPLIST_FILE = imageMask/Info.plist;
				LD_RUNPATH_SEARCH_PATHS = (
					"$(inherited)",
					"@executable_path/Frameworks",
				);
				PRODUCT_BUNDLE_IDENTIFIER = com.Meme.imageMask;
				PRODUCT_NAME = "$(TARGET_NAME)";
				SWIFT_VERSION = 5.0;
				TARGETED_DEVICE_FAMILY = "1,2";
			};
			name = Debug;
		};
		8641C16723CE337E00349163 /* Release */ = {
			isa = XCBuildConfiguration;
			buildSettings = {
				ASSETCATALOG_COMPILER_APPICON_NAME = AppIcon;
				CODE_SIGN_STYLE = Automatic;
				DEVELOPMENT_TEAM = DJR3CAHASS;
				INFOPLIST_FILE = imageMask/Info.plist;
				LD_RUNPATH_SEARCH_PATHS = (
					"$(inherited)",
					"@executable_path/Frameworks",
				);
				PRODUCT_BUNDLE_IDENTIFIER = com.Meme.imageMask;
				PRODUCT_NAME = "$(TARGET_NAME)";
				SWIFT_VERSION = 5.0;
				TARGETED_DEVICE_FAMILY = "1,2";
			};
			name = Release;
		};
/* End XCBuildConfiguration section */

/* Begin XCConfigurationList section */
		8641C14C23CE337A00349163 /* Build configuration list for PBXProject "imageMask" */ = {
			isa = XCConfigurationList;
			buildConfigurations = (
				8641C16323CE337E00349163 /* Debug */,
				8641C16423CE337E00349163 /* Release */,
			);
			defaultConfigurationIsVisible = 0;
			defaultConfigurationName = Release;
		};
		8641C16523CE337E00349163 /* Build configuration list for PBXNativeTarget "imageMask" */ = {
			isa = XCConfigurationList;
			buildConfigurations = (
				8641C16623CE337E00349163 /* Debug */,
				8641C16723CE337E00349163 /* Release */,
			);
			defaultConfigurationIsVisible = 0;
			defaultConfigurationName = Release;
		};
/* End XCConfigurationList section */
	};
	rootObject = 8641C14923CE337A00349163 /* Project object */;
}
